// !$*UTF8*$!
{
	archiveVersion = 1;
	classes = {
	};
	objectVersion = 50;
	objects = {

/* Begin PBXBuildFile section */
		DAEB3E5D2410D8E50088C0C1 /* AppDelegate.swift in Sources */ = {isa = PBXBuildFile; fileRef = DAEB3E5C2410D8E50088C0C1 /* AppDelegate.swift */; };
		DAEB3E5F2410D8E50088C0C1 /* GameViewController.swift in Sources */ = {isa = PBXBuildFile; fileRef = DAEB3E5E2410D8E50088C0C1 /* GameViewController.swift */; };
		DAEB3E622410D8E50088C0C1 /* Main.storyboard in Resources */ = {isa = PBXBuildFile; fileRef = DAEB3E602410D8E50088C0C1 /* Main.storyboard */; };
		DAEB3E652410D8E50088C0C1 /* LaunchScreen.storyboard in Resources */ = {isa = PBXBuildFile; fileRef = DAEB3E632410D8E50088C0C1 /* LaunchScreen.storyboard */; };
		DAEB3E6A2410D8E60088C0C1 /* Catch.app in Embed Watch Content */ = {isa = PBXBuildFile; fileRef = DAEB3E692410D8E60088C0C1 /* Catch.app */; settings = {ATTRIBUTES = (RemoveHeadersOnCopy, ); }; };
		DAEB3E702410D8E60088C0C1 /* Interface.storyboard in Resources */ = {isa = PBXBuildFile; fileRef = DAEB3E6E2410D8E60088C0C1 /* Interface.storyboard */; };
		DAEB3E772410D8E70088C0C1 /* Catch Extension.appex in Embed App Extensions */ = {isa = PBXBuildFile; fileRef = DAEB3E762410D8E70088C0C1 /* Catch Extension.appex */; settings = {ATTRIBUTES = (RemoveHeadersOnCopy, ); }; };
		DAEB3E7C2410D8E70088C0C1 /* InterfaceController.swift in Sources */ = {isa = PBXBuildFile; fileRef = DAEB3E7B2410D8E70088C0C1 /* InterfaceController.swift */; };
		DAEB3E7E2410D8E70088C0C1 /* ExtensionDelegate.swift in Sources */ = {isa = PBXBuildFile; fileRef = DAEB3E7D2410D8E70088C0C1 /* ExtensionDelegate.swift */; };
		DAEB3E872410D8E80088C0C1 /* AppDelegate.swift in Sources */ = {isa = PBXBuildFile; fileRef = DAEB3E862410D8E80088C0C1 /* AppDelegate.swift */; };
		DAEB3E892410D8E80088C0C1 /* GameViewController.swift in Sources */ = {isa = PBXBuildFile; fileRef = DAEB3E882410D8E80088C0C1 /* GameViewController.swift */; };
		DAEB3E8C2410D8E80088C0C1 /* Main.storyboard in Resources */ = {isa = PBXBuildFile; fileRef = DAEB3E8A2410D8E80088C0C1 /* Main.storyboard */; };
		DAEB3E8F2410D8E80088C0C1 /* LaunchScreen.storyboard in Resources */ = {isa = PBXBuildFile; fileRef = DAEB3E8D2410D8E80088C0C1 /* LaunchScreen.storyboard */; };
		DAEB3E982410D8E90088C0C1 /* AppDelegate.swift in Sources */ = {isa = PBXBuildFile; fileRef = DAEB3E972410D8E90088C0C1 /* AppDelegate.swift */; };
		DAEB3E9A2410D8E90088C0C1 /* GameViewController.swift in Sources */ = {isa = PBXBuildFile; fileRef = DAEB3E992410D8E90088C0C1 /* GameViewController.swift */; };
		DAEB3E9D2410D8E90088C0C1 /* Main.storyboard in Resources */ = {isa = PBXBuildFile; fileRef = DAEB3E9B2410D8E90088C0C1 /* Main.storyboard */; };
		DAEB3E9F2410D8E90088C0C1 /* Actions.sks in Resources */ = {isa = PBXBuildFile; fileRef = DAEB3E512410D8DE0088C0C1 /* Actions.sks */; };
		DAEB3EA02410D8E90088C0C1 /* Actions.sks in Resources */ = {isa = PBXBuildFile; fileRef = DAEB3E512410D8DE0088C0C1 /* Actions.sks */; };
		DAEB3EA12410D8E90088C0C1 /* Actions.sks in Resources */ = {isa = PBXBuildFile; fileRef = DAEB3E512410D8DE0088C0C1 /* Actions.sks */; };
		DAEB3EA22410D8E90088C0C1 /* GameScene.sks in Resources */ = {isa = PBXBuildFile; fileRef = DAEB3E522410D8DE0088C0C1 /* GameScene.sks */; };
		DAEB3EA32410D8E90088C0C1 /* GameScene.sks in Resources */ = {isa = PBXBuildFile; fileRef = DAEB3E522410D8DE0088C0C1 /* GameScene.sks */; };
		DAEB3EA42410D8E90088C0C1 /* GameScene.sks in Resources */ = {isa = PBXBuildFile; fileRef = DAEB3E522410D8DE0088C0C1 /* GameScene.sks */; };
		DAEB3EA52410D8E90088C0C1 /* GameScene.sks in Resources */ = {isa = PBXBuildFile; fileRef = DAEB3E522410D8DE0088C0C1 /* GameScene.sks */; };
		DAEB3EA62410D8E90088C0C1 /* GameScene.swift in Sources */ = {isa = PBXBuildFile; fileRef = DAEB3E532410D8DE0088C0C1 /* GameScene.swift */; };
		DAEB3EA72410D8E90088C0C1 /* GameScene.swift in Sources */ = {isa = PBXBuildFile; fileRef = DAEB3E532410D8DE0088C0C1 /* GameScene.swift */; };
		DAEB3EA82410D8E90088C0C1 /* GameScene.swift in Sources */ = {isa = PBXBuildFile; fileRef = DAEB3E532410D8DE0088C0C1 /* GameScene.swift */; };
		DAEB3EA92410D8E90088C0C1 /* GameScene.swift in Sources */ = {isa = PBXBuildFile; fileRef = DAEB3E532410D8DE0088C0C1 /* GameScene.swift */; };
		DAEB3EAA2410D8E90088C0C1 /* Assets.xcassets in Resources */ = {isa = PBXBuildFile; fileRef = DAEB3E542410D8E50088C0C1 /* Assets.xcassets */; };
		DAEB3EAB2410D8E90088C0C1 /* Assets.xcassets in Resources */ = {isa = PBXBuildFile; fileRef = DAEB3E542410D8E50088C0C1 /* Assets.xcassets */; };
		DAEB3EAC2410D8E90088C0C1 /* Assets.xcassets in Resources */ = {isa = PBXBuildFile; fileRef = DAEB3E542410D8E50088C0C1 /* Assets.xcassets */; };
		DAEB3EAD2410D8E90088C0C1 /* Assets.xcassets in Resources */ = {isa = PBXBuildFile; fileRef = DAEB3E542410D8E50088C0C1 /* Assets.xcassets */; };
/* End PBXBuildFile section */

/* Begin PBXContainerItemProxy section */
		DAEB3E6B2410D8E60088C0C1 /* PBXContainerItemProxy */ = {
			isa = PBXContainerItemProxy;
			containerPortal = DAEB3E4C2410D8DD0088C0C1 /* Project object */;
			proxyType = 1;
			remoteGlobalIDString = DAEB3E682410D8E60088C0C1;
			remoteInfo = "Catch watchOS App";
		};
		DAEB3E782410D8E70088C0C1 /* PBXContainerItemProxy */ = {
			isa = PBXContainerItemProxy;
			containerPortal = DAEB3E4C2410D8DD0088C0C1 /* Project object */;
			proxyType = 1;
			remoteGlobalIDString = DAEB3E752410D8E70088C0C1;
			remoteInfo = "Catch watchOS App Extension";
		};
/* End PBXContainerItemProxy section */

/* Begin PBXCopyFilesBuildPhase section */
		DAEB3EB32410D8E90088C0C1 /* Embed App Extensions */ = {
			isa = PBXCopyFilesBuildPhase;
			buildActionMask = 2147483647;
			dstPath = "";
			dstSubfolderSpec = 13;
			files = (
				DAEB3E772410D8E70088C0C1 /* Catch Extension.appex in Embed App Extensions */,
			);
			name = "Embed App Extensions";
			runOnlyForDeploymentPostprocessing = 0;
		};
		DAEB3EB72410D8E90088C0C1 /* Embed Watch Content */ = {
			isa = PBXCopyFilesBuildPhase;
			buildActionMask = 2147483647;
			dstPath = "$(CONTENTS_FOLDER_PATH)/Watch";
			dstSubfolderSpec = 16;
			files = (
				DAEB3E6A2410D8E60088C0C1 /* Catch.app in Embed Watch Content */,
			);
			name = "Embed Watch Content";
			runOnlyForDeploymentPostprocessing = 0;
		};
/* End PBXCopyFilesBuildPhase section */

/* Begin PBXFileReference section */
		DAEB3E512410D8DE0088C0C1 /* Actions.sks */ = {isa = PBXFileReference; lastKnownFileType = file.sks; path = Actions.sks; sourceTree = "<group>"; };
		DAEB3E522410D8DE0088C0C1 /* GameScene.sks */ = {isa = PBXFileReference; lastKnownFileType = file.sks; path = GameScene.sks; sourceTree = "<group>"; };
		DAEB3E532410D8DE0088C0C1 /* GameScene.swift */ = {isa = PBXFileReference; lastKnownFileType = sourcecode.swift; path = GameScene.swift; sourceTree = "<group>"; };
		DAEB3E542410D8E50088C0C1 /* Assets.xcassets */ = {isa = PBXFileReference; lastKnownFileType = folder.assetcatalog; path = Assets.xcassets; sourceTree = "<group>"; };
		DAEB3E592410D8E50088C0C1 /* Catch.app */ = {isa = PBXFileReference; explicitFileType = wrapper.application; includeInIndex = 0; path = Catch.app; sourceTree = BUILT_PRODUCTS_DIR; };
		DAEB3E5C2410D8E50088C0C1 /* AppDelegate.swift */ = {isa = PBXFileReference; lastKnownFileType = sourcecode.swift; path = AppDelegate.swift; sourceTree = "<group>"; };
		DAEB3E5E2410D8E50088C0C1 /* GameViewController.swift */ = {isa = PBXFileReference; lastKnownFileType = sourcecode.swift; path = GameViewController.swift; sourceTree = "<group>"; };
		DAEB3E612410D8E50088C0C1 /* Base */ = {isa = PBXFileReference; lastKnownFileType = file.storyboard; name = Base; path = Base.lproj/Main.storyboard; sourceTree = "<group>"; };
		DAEB3E642410D8E50088C0C1 /* Base */ = {isa = PBXFileReference; lastKnownFileType = file.storyboard; name = Base; path = Base.lproj/LaunchScreen.storyboard; sourceTree = "<group>"; };
		DAEB3E662410D8E50088C0C1 /* Info.plist */ = {isa = PBXFileReference; lastKnownFileType = text.plist.xml; path = Info.plist; sourceTree = "<group>"; };
		DAEB3E692410D8E60088C0C1 /* Catch.app */ = {isa = PBXFileReference; explicitFileType = wrapper.application; includeInIndex = 0; path = Catch.app; sourceTree = BUILT_PRODUCTS_DIR; };
		DAEB3E6F2410D8E60088C0C1 /* Base */ = {isa = PBXFileReference; lastKnownFileType = file.storyboard; name = Base; path = Base.lproj/Interface.storyboard; sourceTree = "<group>"; };
		DAEB3E712410D8E60088C0C1 /* Info.plist */ = {isa = PBXFileReference; lastKnownFileType = text.plist.xml; path = Info.plist; sourceTree = "<group>"; };
		DAEB3E762410D8E70088C0C1 /* Catch Extension.appex */ = {isa = PBXFileReference; explicitFileType = "wrapper.app-extension"; includeInIndex = 0; path = "Catch Extension.appex"; sourceTree = BUILT_PRODUCTS_DIR; };
		DAEB3E7B2410D8E70088C0C1 /* InterfaceController.swift */ = {isa = PBXFileReference; lastKnownFileType = sourcecode.swift; path = InterfaceController.swift; sourceTree = "<group>"; };
		DAEB3E7D2410D8E70088C0C1 /* ExtensionDelegate.swift */ = {isa = PBXFileReference; lastKnownFileType = sourcecode.swift; path = ExtensionDelegate.swift; sourceTree = "<group>"; };
		DAEB3E7F2410D8E70088C0C1 /* Info.plist */ = {isa = PBXFileReference; lastKnownFileType = text.plist.xml; path = Info.plist; sourceTree = "<group>"; };
		DAEB3E842410D8E80088C0C1 /* Catch.app */ = {isa = PBXFileReference; explicitFileType = wrapper.application; includeInIndex = 0; path = Catch.app; sourceTree = BUILT_PRODUCTS_DIR; };
		DAEB3E862410D8E80088C0C1 /* AppDelegate.swift */ = {isa = PBXFileReference; lastKnownFileType = sourcecode.swift; path = AppDelegate.swift; sourceTree = "<group>"; };
		DAEB3E882410D8E80088C0C1 /* GameViewController.swift */ = {isa = PBXFileReference; lastKnownFileType = sourcecode.swift; path = GameViewController.swift; sourceTree = "<group>"; };
		DAEB3E8B2410D8E80088C0C1 /* Base */ = {isa = PBXFileReference; lastKnownFileType = file.storyboard; name = Base; path = Base.lproj/Main.storyboard; sourceTree = "<group>"; };
		DAEB3E8E2410D8E80088C0C1 /* Base */ = {isa = PBXFileReference; lastKnownFileType = file.storyboard; name = Base; path = Base.lproj/LaunchScreen.storyboard; sourceTree = "<group>"; };
		DAEB3E902410D8E80088C0C1 /* Info.plist */ = {isa = PBXFileReference; lastKnownFileType = text.plist.xml; path = Info.plist; sourceTree = "<group>"; };
		DAEB3E952410D8E90088C0C1 /* Catch.app */ = {isa = PBXFileReference; explicitFileType = wrapper.application; includeInIndex = 0; path = Catch.app; sourceTree = BUILT_PRODUCTS_DIR; };
		DAEB3E972410D8E90088C0C1 /* AppDelegate.swift */ = {isa = PBXFileReference; lastKnownFileType = sourcecode.swift; path = AppDelegate.swift; sourceTree = "<group>"; };
		DAEB3E992410D8E90088C0C1 /* GameViewController.swift */ = {isa = PBXFileReference; lastKnownFileType = sourcecode.swift; path = GameViewController.swift; sourceTree = "<group>"; };
		DAEB3E9C2410D8E90088C0C1 /* Base */ = {isa = PBXFileReference; lastKnownFileType = file.storyboard; name = Base; path = Base.lproj/Main.storyboard; sourceTree = "<group>"; };
		DAEB3E9E2410D8E90088C0C1 /* Info.plist */ = {isa = PBXFileReference; lastKnownFileType = text.plist.xml; path = Info.plist; sourceTree = "<group>"; };
/* End PBXFileReference section */

/* Begin PBXFrameworksBuildPhase section */
		DAEB3E562410D8E50088C0C1 /* Frameworks */ = {
			isa = PBXFrameworksBuildPhase;
			buildActionMask = 2147483647;
			files = (
			);
			runOnlyForDeploymentPostprocessing = 0;
		};
		DAEB3E732410D8E70088C0C1 /* Frameworks */ = {
			isa = PBXFrameworksBuildPhase;
			buildActionMask = 2147483647;
			files = (
			);
			runOnlyForDeploymentPostprocessing = 0;
		};
		DAEB3E812410D8E80088C0C1 /* Frameworks */ = {
			isa = PBXFrameworksBuildPhase;
			buildActionMask = 2147483647;
			files = (
			);
			runOnlyForDeploymentPostprocessing = 0;
		};
		DAEB3E922410D8E90088C0C1 /* Frameworks */ = {
			isa = PBXFrameworksBuildPhase;
			buildActionMask = 2147483647;
			files = (
			);
			runOnlyForDeploymentPostprocessing = 0;
		};
/* End PBXFrameworksBuildPhase section */

/* Begin PBXGroup section */
		DAEB3E4B2410D8DD0088C0C1 = {
			isa = PBXGroup;
			children = (
				DAEB3E502410D8DE0088C0C1 /* Catch Shared */,
				DAEB3E5B2410D8E50088C0C1 /* Catch iOS */,
				DAEB3E6D2410D8E60088C0C1 /* Catch watchOS App */,
				DAEB3E7A2410D8E70088C0C1 /* Catch watchOS App Extension */,
				DAEB3E852410D8E80088C0C1 /* Catch tvOS */,
				DAEB3E962410D8E90088C0C1 /* Catch macOS */,
				DAEB3E5A2410D8E50088C0C1 /* Products */,
			);
			sourceTree = "<group>";
		};
		DAEB3E502410D8DE0088C0C1 /* Catch Shared */ = {
			isa = PBXGroup;
			children = (
				DAEB3E512410D8DE0088C0C1 /* Actions.sks */,
				DAEB3E522410D8DE0088C0C1 /* GameScene.sks */,
				DAEB3E532410D8DE0088C0C1 /* GameScene.swift */,
				DAEB3E542410D8E50088C0C1 /* Assets.xcassets */,
			);
			path = "Catch Shared";
			sourceTree = "<group>";
		};
		DAEB3E5A2410D8E50088C0C1 /* Products */ = {
			isa = PBXGroup;
			children = (
				DAEB3E592410D8E50088C0C1 /* Catch.app */,
				DAEB3E692410D8E60088C0C1 /* Catch.app */,
				DAEB3E762410D8E70088C0C1 /* Catch Extension.appex */,
				DAEB3E842410D8E80088C0C1 /* Catch.app */,
				DAEB3E952410D8E90088C0C1 /* Catch.app */,
			);
			name = Products;
			sourceTree = "<group>";
		};
		DAEB3E5B2410D8E50088C0C1 /* Catch iOS */ = {
			isa = PBXGroup;
			children = (
				DAEB3E5C2410D8E50088C0C1 /* AppDelegate.swift */,
				DAEB3E5E2410D8E50088C0C1 /* GameViewController.swift */,
				DAEB3E602410D8E50088C0C1 /* Main.storyboard */,
				DAEB3E632410D8E50088C0C1 /* LaunchScreen.storyboard */,
				DAEB3E662410D8E50088C0C1 /* Info.plist */,
			);
			path = "Catch iOS";
			sourceTree = "<group>";
		};
		DAEB3E6D2410D8E60088C0C1 /* Catch watchOS App */ = {
			isa = PBXGroup;
			children = (
				DAEB3E6E2410D8E60088C0C1 /* Interface.storyboard */,
				DAEB3E712410D8E60088C0C1 /* Info.plist */,
			);
			path = "Catch watchOS App";
			sourceTree = "<group>";
		};
		DAEB3E7A2410D8E70088C0C1 /* Catch watchOS App Extension */ = {
			isa = PBXGroup;
			children = (
				DAEB3E7B2410D8E70088C0C1 /* InterfaceController.swift */,
				DAEB3E7D2410D8E70088C0C1 /* ExtensionDelegate.swift */,
				DAEB3E7F2410D8E70088C0C1 /* Info.plist */,
			);
			path = "Catch watchOS App Extension";
			sourceTree = "<group>";
		};
		DAEB3E852410D8E80088C0C1 /* Catch tvOS */ = {
			isa = PBXGroup;
			children = (
				DAEB3E862410D8E80088C0C1 /* AppDelegate.swift */,
				DAEB3E882410D8E80088C0C1 /* GameViewController.swift */,
				DAEB3E8A2410D8E80088C0C1 /* Main.storyboard */,
				DAEB3E8D2410D8E80088C0C1 /* LaunchScreen.storyboard */,
				DAEB3E902410D8E80088C0C1 /* Info.plist */,
			);
			path = "Catch tvOS";
			sourceTree = "<group>";
		};
		DAEB3E962410D8E90088C0C1 /* Catch macOS */ = {
			isa = PBXGroup;
			children = (
				DAEB3E972410D8E90088C0C1 /* AppDelegate.swift */,
				DAEB3E992410D8E90088C0C1 /* GameViewController.swift */,
				DAEB3E9B2410D8E90088C0C1 /* Main.storyboard */,
				DAEB3E9E2410D8E90088C0C1 /* Info.plist */,
			);
			path = "Catch macOS";
			sourceTree = "<group>";
		};
/* End PBXGroup section */

/* Begin PBXNativeTarget section */
		DAEB3E582410D8E50088C0C1 /* Catch iOS */ = {
			isa = PBXNativeTarget;
			buildConfigurationList = DAEB3EB82410D8E90088C0C1 /* Build configuration list for PBXNativeTarget "Catch iOS" */;
			buildPhases = (
				DAEB3E552410D8E50088C0C1 /* Sources */,
				DAEB3E562410D8E50088C0C1 /* Frameworks */,
				DAEB3E572410D8E50088C0C1 /* Resources */,
				DAEB3EB72410D8E90088C0C1 /* Embed Watch Content */,
			);
			buildRules = (
			);
			dependencies = (
				DAEB3E6C2410D8E60088C0C1 /* PBXTargetDependency */,
			);
			name = "Catch iOS";
			productName = "Catch iOS";
			productReference = DAEB3E592410D8E50088C0C1 /* Catch.app */;
			productType = "com.apple.product-type.application";
		};
		DAEB3E682410D8E60088C0C1 /* Catch watchOS App */ = {
			isa = PBXNativeTarget;
			buildConfigurationList = DAEB3EB42410D8E90088C0C1 /* Build configuration list for PBXNativeTarget "Catch watchOS App" */;
			buildPhases = (
				DAEB3E672410D8E60088C0C1 /* Resources */,
				DAEB3EB32410D8E90088C0C1 /* Embed App Extensions */,
			);
			buildRules = (
			);
			dependencies = (
				DAEB3E792410D8E70088C0C1 /* PBXTargetDependency */,
			);
			name = "Catch watchOS App";
			productName = "Catch watchOS App";
			productReference = DAEB3E692410D8E60088C0C1 /* Catch.app */;
			productType = "com.apple.product-type.application.watchapp2";
		};
		DAEB3E752410D8E70088C0C1 /* Catch watchOS App Extension */ = {
			isa = PBXNativeTarget;
			buildConfigurationList = DAEB3EB02410D8E90088C0C1 /* Build configuration list for PBXNativeTarget "Catch watchOS App Extension" */;
			buildPhases = (
				DAEB3E722410D8E70088C0C1 /* Sources */,
				DAEB3E732410D8E70088C0C1 /* Frameworks */,
				DAEB3E742410D8E70088C0C1 /* Resources */,
			);
			buildRules = (
			);
			dependencies = (
			);
			name = "Catch watchOS App Extension";
			productName = "Catch watchOS App Extension";
			productReference = DAEB3E762410D8E70088C0C1 /* Catch Extension.appex */;
			productType = "com.apple.product-type.watchkit2-extension";
		};
		DAEB3E832410D8E80088C0C1 /* Catch tvOS */ = {
			isa = PBXNativeTarget;
			buildConfigurationList = DAEB3EBB2410D8E90088C0C1 /* Build configuration list for PBXNativeTarget "Catch tvOS" */;
			buildPhases = (
				DAEB3E802410D8E80088C0C1 /* Sources */,
				DAEB3E812410D8E80088C0C1 /* Frameworks */,
				DAEB3E822410D8E80088C0C1 /* Resources */,
			);
			buildRules = (
			);
			dependencies = (
			);
			name = "Catch tvOS";
			productName = "Catch tvOS";
			productReference = DAEB3E842410D8E80088C0C1 /* Catch.app */;
			productType = "com.apple.product-type.application";
		};
		DAEB3E942410D8E90088C0C1 /* Catch macOS */ = {
			isa = PBXNativeTarget;
			buildConfigurationList = DAEB3EBE2410D8E90088C0C1 /* Build configuration list for PBXNativeTarget "Catch macOS" */;
			buildPhases = (
				DAEB3E912410D8E90088C0C1 /* Sources */,
				DAEB3E922410D8E90088C0C1 /* Frameworks */,
				DAEB3E932410D8E90088C0C1 /* Resources */,
			);
			buildRules = (
			);
			dependencies = (
			);
			name = "Catch macOS";
			productName = "Catch macOS";
			productReference = DAEB3E952410D8E90088C0C1 /* Catch.app */;
			productType = "com.apple.product-type.application";
		};
/* End PBXNativeTarget section */

/* Begin PBXProject section */
		DAEB3E4C2410D8DD0088C0C1 /* Project object */ = {
			isa = PBXProject;
			attributes = {
				LastSwiftUpdateCheck = 1130;
				LastUpgradeCheck = 1130;
				TargetAttributes = {
					DAEB3E582410D8E50088C0C1 = {
						CreatedOnToolsVersion = 11.3.1;
					};
					DAEB3E682410D8E60088C0C1 = {
						CreatedOnToolsVersion = 11.3.1;
					};
					DAEB3E752410D8E70088C0C1 = {
						CreatedOnToolsVersion = 11.3.1;
					};
					DAEB3E832410D8E80088C0C1 = {
						CreatedOnToolsVersion = 11.3.1;
					};
					DAEB3E942410D8E90088C0C1 = {
						CreatedOnToolsVersion = 11.3.1;
					};
				};
			};
			buildConfigurationList = DAEB3E4F2410D8DD0088C0C1 /* Build configuration list for PBXProject "Catch" */;
			compatibilityVersion = "Xcode 9.3";
			developmentRegion = en;
			hasScannedForEncodings = 0;
			knownRegions = (
				en,
				Base,
			);
			mainGroup = DAEB3E4B2410D8DD0088C0C1;
			productRefGroup = DAEB3E5A2410D8E50088C0C1 /* Products */;
			projectDirPath = "";
			projectRoot = "";
			targets = (
				DAEB3E582410D8E50088C0C1 /* Catch iOS */,
				DAEB3E682410D8E60088C0C1 /* Catch watchOS App */,
				DAEB3E752410D8E70088C0C1 /* Catch watchOS App Extension */,
				DAEB3E832410D8E80088C0C1 /* Catch tvOS */,
				DAEB3E942410D8E90088C0C1 /* Catch macOS */,
			);
		};
/* End PBXProject section */

/* Begin PBXResourcesBuildPhase section */
		DAEB3E572410D8E50088C0C1 /* Resources */ = {
			isa = PBXResourcesBuildPhase;
			buildActionMask = 2147483647;
			files = (
				DAEB3EA22410D8E90088C0C1 /* GameScene.sks in Resources */,
				DAEB3E622410D8E50088C0C1 /* Main.storyboard in Resources */,
				DAEB3E9F2410D8E90088C0C1 /* Actions.sks in Resources */,
				DAEB3E652410D8E50088C0C1 /* LaunchScreen.storyboard in Resources */,
				DAEB3EAA2410D8E90088C0C1 /* Assets.xcassets in Resources */,
			);
			runOnlyForDeploymentPostprocessing = 0;
		};
		DAEB3E672410D8E60088C0C1 /* Resources */ = {
			isa = PBXResourcesBuildPhase;
			buildActionMask = 2147483647;
			files = (
				DAEB3EAB2410D8E90088C0C1 /* Assets.xcassets in Resources */,
				DAEB3E702410D8E60088C0C1 /* Interface.storyboard in Resources */,
			);
			runOnlyForDeploymentPostprocessing = 0;
		};
		DAEB3E742410D8E70088C0C1 /* Resources */ = {
			isa = PBXResourcesBuildPhase;
			buildActionMask = 2147483647;
			files = (
				DAEB3EA32410D8E90088C0C1 /* GameScene.sks in Resources */,
			);
			runOnlyForDeploymentPostprocessing = 0;
		};
		DAEB3E822410D8E80088C0C1 /* Resources */ = {
			isa = PBXResourcesBuildPhase;
			buildActionMask = 2147483647;
			files = (
				DAEB3EA42410D8E90088C0C1 /* GameScene.sks in Resources */,
				DAEB3E8C2410D8E80088C0C1 /* Main.storyboard in Resources */,
				DAEB3EA02410D8E90088C0C1 /* Actions.sks in Resources */,
				DAEB3E8F2410D8E80088C0C1 /* LaunchScreen.storyboard in Resources */,
				DAEB3EAC2410D8E90088C0C1 /* Assets.xcassets in Resources */,
			);
			runOnlyForDeploymentPostprocessing = 0;
		};
		DAEB3E932410D8E90088C0C1 /* Resources */ = {
			isa = PBXResourcesBuildPhase;
			buildActionMask = 2147483647;
			files = (
				DAEB3E9D2410D8E90088C0C1 /* Main.storyboard in Resources */,
				DAEB3EA52410D8E90088C0C1 /* GameScene.sks in Resources */,
				DAEB3EAD2410D8E90088C0C1 /* Assets.xcassets in Resources */,
				DAEB3EA12410D8E90088C0C1 /* Actions.sks in Resources */,
			);
			runOnlyForDeploymentPostprocessing = 0;
		};
/* End PBXResourcesBuildPhase section */

/* Begin PBXSourcesBuildPhase section */
		DAEB3E552410D8E50088C0C1 /* Sources */ = {
			isa = PBXSourcesBuildPhase;
			buildActionMask = 2147483647;
			files = (
				DAEB3EA62410D8E90088C0C1 /* GameScene.swift in Sources */,
				DAEB3E5F2410D8E50088C0C1 /* GameViewController.swift in Sources */,
				DAEB3E5D2410D8E50088C0C1 /* AppDelegate.swift in Sources */,
			);
			runOnlyForDeploymentPostprocessing = 0;
		};
		DAEB3E722410D8E70088C0C1 /* Sources */ = {
			isa = PBXSourcesBuildPhase;
			buildActionMask = 2147483647;
			files = (
				DAEB3EA72410D8E90088C0C1 /* GameScene.swift in Sources */,
				DAEB3E7E2410D8E70088C0C1 /* ExtensionDelegate.swift in Sources */,
				DAEB3E7C2410D8E70088C0C1 /* InterfaceController.swift in Sources */,
			);
			runOnlyForDeploymentPostprocessing = 0;
		};
		DAEB3E802410D8E80088C0C1 /* Sources */ = {
			isa = PBXSourcesBuildPhase;
			buildActionMask = 2147483647;
			files = (
				DAEB3EA82410D8E90088C0C1 /* GameScene.swift in Sources */,
				DAEB3E892410D8E80088C0C1 /* GameViewController.swift in Sources */,
				DAEB3E872410D8E80088C0C1 /* AppDelegate.swift in Sources */,
			);
			runOnlyForDeploymentPostprocessing = 0;
		};
		DAEB3E912410D8E90088C0C1 /* Sources */ = {
			isa = PBXSourcesBuildPhase;
			buildActionMask = 2147483647;
			files = (
				DAEB3EA92410D8E90088C0C1 /* GameScene.swift in Sources */,
				DAEB3E9A2410D8E90088C0C1 /* GameViewController.swift in Sources */,
				DAEB3E982410D8E90088C0C1 /* AppDelegate.swift in Sources */,
			);
			runOnlyForDeploymentPostprocessing = 0;
		};
/* End PBXSourcesBuildPhase section */

/* Begin PBXTargetDependency section */
		DAEB3E6C2410D8E60088C0C1 /* PBXTargetDependency */ = {
			isa = PBXTargetDependency;
			target = DAEB3E682410D8E60088C0C1 /* Catch watchOS App */;
			targetProxy = DAEB3E6B2410D8E60088C0C1 /* PBXContainerItemProxy */;
		};
		DAEB3E792410D8E70088C0C1 /* PBXTargetDependency */ = {
			isa = PBXTargetDependency;
			target = DAEB3E752410D8E70088C0C1 /* Catch watchOS App Extension */;
			targetProxy = DAEB3E782410D8E70088C0C1 /* PBXContainerItemProxy */;
		};
/* End PBXTargetDependency section */

/* Begin PBXVariantGroup section */
		DAEB3E602410D8E50088C0C1 /* Main.storyboard */ = {
			isa = PBXVariantGroup;
			children = (
				DAEB3E612410D8E50088C0C1 /* Base */,
			);
			name = Main.storyboard;
			sourceTree = "<group>";
		};
		DAEB3E632410D8E50088C0C1 /* LaunchScreen.storyboard */ = {
			isa = PBXVariantGroup;
			children = (
				DAEB3E642410D8E50088C0C1 /* Base */,
			);
			name = LaunchScreen.storyboard;
			sourceTree = "<group>";
		};
		DAEB3E6E2410D8E60088C0C1 /* Interface.storyboard */ = {
			isa = PBXVariantGroup;
			children = (
				DAEB3E6F2410D8E60088C0C1 /* Base */,
			);
			name = Interface.storyboard;
			sourceTree = "<group>";
		};
		DAEB3E8A2410D8E80088C0C1 /* Main.storyboard */ = {
			isa = PBXVariantGroup;
			children = (
				DAEB3E8B2410D8E80088C0C1 /* Base */,
			);
			name = Main.storyboard;
			sourceTree = "<group>";
		};
		DAEB3E8D2410D8E80088C0C1 /* LaunchScreen.storyboard */ = {
			isa = PBXVariantGroup;
			children = (
				DAEB3E8E2410D8E80088C0C1 /* Base */,
			);
			name = LaunchScreen.storyboard;
			sourceTree = "<group>";
		};
		DAEB3E9B2410D8E90088C0C1 /* Main.storyboard */ = {
			isa = PBXVariantGroup;
			children = (
				DAEB3E9C2410D8E90088C0C1 /* Base */,
			);
			name = Main.storyboard;
			sourceTree = "<group>";
		};
/* End PBXVariantGroup section */

/* Begin XCBuildConfiguration section */
		DAEB3EAE2410D8E90088C0C1 /* Debug */ = {
			isa = XCBuildConfiguration;
			buildSettings = {
				ALWAYS_SEARCH_USER_PATHS = NO;
				CLANG_ANALYZER_NONNULL = YES;
				CLANG_ANALYZER_NUMBER_OBJECT_CONVERSION = YES_AGGRESSIVE;
				CLANG_CXX_LANGUAGE_STANDARD = "gnu++14";
				CLANG_CXX_LIBRARY = "libc++";
				CLANG_ENABLE_MODULES = YES;
				CLANG_ENABLE_OBJC_ARC = YES;
				CLANG_ENABLE_OBJC_WEAK = YES;
				CLANG_WARN_BLOCK_CAPTURE_AUTORELEASING = YES;
				CLANG_WARN_BOOL_CONVERSION = YES;
				CLANG_WARN_COMMA = YES;
				CLANG_WARN_CONSTANT_CONVERSION = YES;
				CLANG_WARN_DEPRECATED_OBJC_IMPLEMENTATIONS = YES;
				CLANG_WARN_DIRECT_OBJC_ISA_USAGE = YES_ERROR;
				CLANG_WARN_DOCUMENTATION_COMMENTS = YES;
				CLANG_WARN_EMPTY_BODY = YES;
				CLANG_WARN_ENUM_CONVERSION = YES;
				CLANG_WARN_INFINITE_RECURSION = YES;
				CLANG_WARN_INT_CONVERSION = YES;
				CLANG_WARN_NON_LITERAL_NULL_CONVERSION = YES;
				CLANG_WARN_OBJC_IMPLICIT_RETAIN_SELF = YES;
				CLANG_WARN_OBJC_LITERAL_CONVERSION = YES;
				CLANG_WARN_OBJC_ROOT_CLASS = YES_ERROR;
				CLANG_WARN_RANGE_LOOP_ANALYSIS = YES;
				CLANG_WARN_STRICT_PROTOTYPES = YES;
				CLANG_WARN_SUSPICIOUS_MOVE = YES;
				CLANG_WARN_UNGUARDED_AVAILABILITY = YES_AGGRESSIVE;
				CLANG_WARN_UNREACHABLE_CODE = YES;
				CLANG_WARN__DUPLICATE_METHOD_MATCH = YES;
				COPY_PHASE_STRIP = NO;
				DEBUG_INFORMATION_FORMAT = dwarf;
				ENABLE_STRICT_OBJC_MSGSEND = YES;
				ENABLE_TESTABILITY = YES;
				GCC_C_LANGUAGE_STANDARD = gnu11;
				GCC_DYNAMIC_NO_PIC = NO;
				GCC_NO_COMMON_BLOCKS = YES;
				GCC_OPTIMIZATION_LEVEL = 0;
				GCC_PREPROCESSOR_DEFINITIONS = (
					"DEBUG=1",
					"$(inherited)",
				);
				GCC_WARN_64_TO_32_BIT_CONVERSION = YES;
				GCC_WARN_ABOUT_RETURN_TYPE = YES_ERROR;
				GCC_WARN_UNDECLARED_SELECTOR = YES;
				GCC_WARN_UNINITIALIZED_AUTOS = YES_AGGRESSIVE;
				GCC_WARN_UNUSED_FUNCTION = YES;
				GCC_WARN_UNUSED_VARIABLE = YES;
				MTL_ENABLE_DEBUG_INFO = INCLUDE_SOURCE;
				MTL_FAST_MATH = YES;
				ONLY_ACTIVE_ARCH = YES;
				SWIFT_ACTIVE_COMPILATION_CONDITIONS = DEBUG;
				SWIFT_OPTIMIZATION_LEVEL = "-Onone";
			};
			name = Debug;
		};
		DAEB3EAF2410D8E90088C0C1 /* Release */ = {
			isa = XCBuildConfiguration;
			buildSettings = {
				ALWAYS_SEARCH_USER_PATHS = NO;
				CLANG_ANALYZER_NONNULL = YES;
				CLANG_ANALYZER_NUMBER_OBJECT_CONVERSION = YES_AGGRESSIVE;
				CLANG_CXX_LANGUAGE_STANDARD = "gnu++14";
				CLANG_CXX_LIBRARY = "libc++";
				CLANG_ENABLE_MODULES = YES;
				CLANG_ENABLE_OBJC_ARC = YES;
				CLANG_ENABLE_OBJC_WEAK = YES;
				CLANG_WARN_BLOCK_CAPTURE_AUTORELEASING = YES;
				CLANG_WARN_BOOL_CONVERSION = YES;
				CLANG_WARN_COMMA = YES;
				CLANG_WARN_CONSTANT_CONVERSION = YES;
				CLANG_WARN_DEPRECATED_OBJC_IMPLEMENTATIONS = YES;
				CLANG_WARN_DIRECT_OBJC_ISA_USAGE = YES_ERROR;
				CLANG_WARN_DOCUMENTATION_COMMENTS = YES;
				CLANG_WARN_EMPTY_BODY = YES;
				CLANG_WARN_ENUM_CONVERSION = YES;
				CLANG_WARN_INFINITE_RECURSION = YES;
				CLANG_WARN_INT_CONVERSION = YES;
				CLANG_WARN_NON_LITERAL_NULL_CONVERSION = YES;
				CLANG_WARN_OBJC_IMPLICIT_RETAIN_SELF = YES;
				CLANG_WARN_OBJC_LITERAL_CONVERSION = YES;
				CLANG_WARN_OBJC_ROOT_CLASS = YES_ERROR;
				CLANG_WARN_RANGE_LOOP_ANALYSIS = YES;
				CLANG_WARN_STRICT_PROTOTYPES = YES;
				CLANG_WARN_SUSPICIOUS_MOVE = YES;
				CLANG_WARN_UNGUARDED_AVAILABILITY = YES_AGGRESSIVE;
				CLANG_WARN_UNREACHABLE_CODE = YES;
				CLANG_WARN__DUPLICATE_METHOD_MATCH = YES;
				COPY_PHASE_STRIP = NO;
				DEBUG_INFORMATION_FORMAT = "dwarf-with-dsym";
				ENABLE_NS_ASSERTIONS = NO;
				ENABLE_STRICT_OBJC_MSGSEND = YES;
				GCC_C_LANGUAGE_STANDARD = gnu11;
				GCC_NO_COMMON_BLOCKS = YES;
				GCC_WARN_64_TO_32_BIT_CONVERSION = YES;
				GCC_WARN_ABOUT_RETURN_TYPE = YES_ERROR;
				GCC_WARN_UNDECLARED_SELECTOR = YES;
				GCC_WARN_UNINITIALIZED_AUTOS = YES_AGGRESSIVE;
				GCC_WARN_UNUSED_FUNCTION = YES;
				GCC_WARN_UNUSED_VARIABLE = YES;
				MTL_ENABLE_DEBUG_INFO = NO;
				MTL_FAST_MATH = YES;
				SWIFT_COMPILATION_MODE = wholemodule;
				SWIFT_OPTIMIZATION_LEVEL = "-O";
			};
			name = Release;
		};
		DAEB3EB12410D8E90088C0C1 /* Debug */ = {
			isa = XCBuildConfiguration;
			buildSettings = {
				CODE_SIGN_STYLE = Automatic;
				DEVELOPMENT_TEAM = 33U326FCC6;
				INFOPLIST_FILE = "Catch watchOS App Extension/Info.plist";
				LD_RUNPATH_SEARCH_PATHS = (
					"$(inherited)",
					"@executable_path/Frameworks",
					"@executable_path/../../Frameworks",
				);
				PRODUCT_BUNDLE_IDENTIFIER = com.codehearted.ios.game.Catch.watchkitapp.watchkitextension;
				PRODUCT_NAME = "Catch Extension";
				SDKROOT = watchos;
				SKIP_INSTALL = YES;
				SWIFT_VERSION = 5.0;
				TARGETED_DEVICE_FAMILY = 4;
				WATCHOS_DEPLOYMENT_TARGET = 6.1;
			};
			name = Debug;
		};
		DAEB3EB22410D8E90088C0C1 /* Release */ = {
			isa = XCBuildConfiguration;
			buildSettings = {
				CODE_SIGN_STYLE = Automatic;
				DEVELOPMENT_TEAM = 33U326FCC6;
				INFOPLIST_FILE = "Catch watchOS App Extension/Info.plist";
				LD_RUNPATH_SEARCH_PATHS = (
					"$(inherited)",
					"@executable_path/Frameworks",
					"@executable_path/../../Frameworks",
				);
				PRODUCT_BUNDLE_IDENTIFIER = com.codehearted.ios.game.Catch.watchkitapp.watchkitextension;
				PRODUCT_NAME = "Catch Extension";
				SDKROOT = watchos;
				SKIP_INSTALL = YES;
				SWIFT_VERSION = 5.0;
				TARGETED_DEVICE_FAMILY = 4;
				VALIDATE_PRODUCT = YES;
				WATCHOS_DEPLOYMENT_TARGET = 6.1;
			};
			name = Release;
		};
		DAEB3EB52410D8E90088C0C1 /* Debug */ = {
			isa = XCBuildConfiguration;
			buildSettings = {
				ALWAYS_EMBED_SWIFT_STANDARD_LIBRARIES = YES;
				ASSETCATALOG_COMPILER_APPICON_NAME = AppIcon;
				CODE_SIGN_STYLE = Automatic;
				DEVELOPMENT_TEAM = 33U326FCC6;
				IBSC_MODULE = Catch_Extension;
				INFOPLIST_FILE = "Catch watchOS App/Info.plist";
				PRODUCT_BUNDLE_IDENTIFIER = com.codehearted.ios.game.Catch.watchkitapp;
				PRODUCT_NAME = Catch;
				SDKROOT = watchos;
				SKIP_INSTALL = YES;
				SWIFT_VERSION = 5.0;
				TARGETED_DEVICE_FAMILY = 4;
				WATCHOS_DEPLOYMENT_TARGET = 6.1;
			};
			name = Debug;
		};
		DAEB3EB62410D8E90088C0C1 /* Release */ = {
			isa = XCBuildConfiguration;
			buildSettings = {
				ALWAYS_EMBED_SWIFT_STANDARD_LIBRARIES = YES;
				ASSETCATALOG_COMPILER_APPICON_NAME = AppIcon;
				CODE_SIGN_STYLE = Automatic;
				DEVELOPMENT_TEAM = 33U326FCC6;
				IBSC_MODULE = Catch_Extension;
				INFOPLIST_FILE = "Catch watchOS App/Info.plist";
				PRODUCT_BUNDLE_IDENTIFIER = com.codehearted.ios.game.Catch.watchkitapp;
				PRODUCT_NAME = Catch;
				SDKROOT = watchos;
				SKIP_INSTALL = YES;
				SWIFT_VERSION = 5.0;
				TARGETED_DEVICE_FAMILY = 4;
				VALIDATE_PRODUCT = YES;
				WATCHOS_DEPLOYMENT_TARGET = 6.1;
			};
			name = Release;
		};
		DAEB3EB92410D8E90088C0C1 /* Debug */ = {
			isa = XCBuildConfiguration;
			buildSettings = {
				ASSETCATALOG_COMPILER_APPICON_NAME = AppIcon;
				CODE_SIGN_STYLE = Automatic;
				DEVELOPMENT_TEAM = 33U326FCC6;
				INFOPLIST_FILE = "Catch iOS/Info.plist";
				IPHONEOS_DEPLOYMENT_TARGET = 12.3;
				LD_RUNPATH_SEARCH_PATHS = (
					"$(inherited)",
					"@executable_path/Frameworks",
				);
				PRODUCT_BUNDLE_IDENTIFIER = com.codehearted.ios.game.Catch;
				PRODUCT_NAME = Catch;
				SDKROOT = iphoneos;
				SWIFT_VERSION = 5.0;
				TARGETED_DEVICE_FAMILY = "1,2";
			};
			name = Debug;
		};
		DAEB3EBA2410D8E90088C0C1 /* Release */ = {
			isa = XCBuildConfiguration;
			buildSettings = {
				ASSETCATALOG_COMPILER_APPICON_NAME = AppIcon;
				CODE_SIGN_STYLE = Automatic;
				DEVELOPMENT_TEAM = 33U326FCC6;
				INFOPLIST_FILE = "Catch iOS/Info.plist";
				IPHONEOS_DEPLOYMENT_TARGET = 12.3;
				LD_RUNPATH_SEARCH_PATHS = (
					"$(inherited)",
					"@executable_path/Frameworks",
				);
				PRODUCT_BUNDLE_IDENTIFIER = com.codehearted.ios.game.Catch;
				PRODUCT_NAME = Catch;
				SDKROOT = iphoneos;
				SWIFT_VERSION = 5.0;
				TARGETED_DEVICE_FAMILY = "1,2";
				VALIDATE_PRODUCT = YES;
			};
			name = Release;
		};
		DAEB3EBC2410D8E90088C0C1 /* Debug */ = {
			isa = XCBuildConfiguration;
			buildSettings = {
				ASSETCATALOG_COMPILER_APPICON_NAME = "tvOS App Icon & Top Shelf Image";
				CODE_SIGN_STYLE = Automatic;
				DEVELOPMENT_TEAM = 33U326FCC6;
				INFOPLIST_FILE = "Catch tvOS/Info.plist";
				LD_RUNPATH_SEARCH_PATHS = (
					"$(inherited)",
					"@executable_path/Frameworks",
				);
				PRODUCT_BUNDLE_IDENTIFIER = com.codehearted.ios.game.Catch;
				PRODUCT_NAME = Catch;
				SDKROOT = appletvos;
				SWIFT_VERSION = 5.0;
				TARGETED_DEVICE_FAMILY = 3;
				TVOS_DEPLOYMENT_TARGET = 13.2;
			};
			name = Debug;
		};
		DAEB3EBD2410D8E90088C0C1 /* Release */ = {
			isa = XCBuildConfiguration;
			buildSettings = {
				ASSETCATALOG_COMPILER_APPICON_NAME = "tvOS App Icon & Top Shelf Image";
				CODE_SIGN_STYLE = Automatic;
				DEVELOPMENT_TEAM = 33U326FCC6;
				INFOPLIST_FILE = "Catch tvOS/Info.plist";
				LD_RUNPATH_SEARCH_PATHS = (
					"$(inherited)",
					"@executable_path/Frameworks",
				);
				PRODUCT_BUNDLE_IDENTIFIER = com.codehearted.ios.game.Catch;
				PRODUCT_NAME = Catch;
				SDKROOT = appletvos;
				SWIFT_VERSION = 5.0;
				TARGETED_DEVICE_FAMILY = 3;
				TVOS_DEPLOYMENT_TARGET = 13.2;
				VALIDATE_PRODUCT = YES;
			};
			name = Release;
		};
		DAEB3EBF2410D8E90088C0C1 /* Debug */ = {
			isa = XCBuildConfiguration;
			buildSettings = {
				ASSETCATALOG_COMPILER_APPICON_NAME = AppIcon;
				CODE_SIGN_STYLE = Automatic;
				COMBINE_HIDPI_IMAGES = YES;
				DEVELOPMENT_TEAM = 33U326FCC6;
				ENABLE_HARDENED_RUNTIME = YES;
				INFOPLIST_FILE = "Catch macOS/Info.plist";
				LD_RUNPATH_SEARCH_PATHS = (
					"$(inherited)",
					"@executable_path/../Frameworks",
				);
				MACOSX_DEPLOYMENT_TARGET = 10.14;
				PRODUCT_BUNDLE_IDENTIFIER = com.codehearted.ios.game.Catch;
				PRODUCT_NAME = Catch;
				SDKROOT = macosx;
				SWIFT_VERSION = 5.0;
			};
			name = Debug;
		};
		DAEB3EC02410D8E90088C0C1 /* Release */ = {
			isa = XCBuildConfiguration;
			buildSettings = {
				ASSETCATALOG_COMPILER_APPICON_NAME = AppIcon;
				CODE_SIGN_STYLE = Automatic;
				COMBINE_HIDPI_IMAGES = YES;
				DEVELOPMENT_TEAM = 33U326FCC6;
				ENABLE_HARDENED_RUNTIME = YES;
				INFOPLIST_FILE = "Catch macOS/Info.plist";
				LD_RUNPATH_SEARCH_PATHS = (
					"$(inherited)",
					"@executable_path/../Frameworks",
				);
				MACOSX_DEPLOYMENT_TARGET = 10.14;
				PRODUCT_BUNDLE_IDENTIFIER = com.codehearted.ios.game.Catch;
				PRODUCT_NAME = Catch;
				SDKROOT = macosx;
				SWIFT_VERSION = 5.0;
			};
			name = Release;
		};
/* End XCBuildConfiguration section */

/* Begin XCConfigurationList section */
		DAEB3E4F2410D8DD0088C0C1 /* Build configuration list for PBXProject "Catch" */ = {
			isa = XCConfigurationList;
			buildConfigurations = (
				DAEB3EAE2410D8E90088C0C1 /* Debug */,
				DAEB3EAF2410D8E90088C0C1 /* Release */,
			);
			defaultConfigurationIsVisible = 0;
			defaultConfigurationName = Release;
		};
		DAEB3EB02410D8E90088C0C1 /* Build configuration list for PBXNativeTarget "Catch watchOS App Extension" */ = {
			isa = XCConfigurationList;
			buildConfigurations = (
				DAEB3EB12410D8E90088C0C1 /* Debug */,
				DAEB3EB22410D8E90088C0C1 /* Release */,
			);
			defaultConfigurationIsVisible = 0;
			defaultConfigurationName = Release;
		};
		DAEB3EB42410D8E90088C0C1 /* Build configuration list for PBXNativeTarget "Catch watchOS App" */ = {
			isa = XCConfigurationList;
			buildConfigurations = (
				DAEB3EB52410D8E90088C0C1 /* Debug */,
				DAEB3EB62410D8E90088C0C1 /* Release */,
			);
			defaultConfigurationIsVisible = 0;
			defaultConfigurationName = Release;
		};
		DAEB3EB82410D8E90088C0C1 /* Build configuration list for PBXNativeTarget "Catch iOS" */ = {
			isa = XCConfigurationList;
			buildConfigurations = (
				DAEB3EB92410D8E90088C0C1 /* Debug */,
				DAEB3EBA2410D8E90088C0C1 /* Release */,
			);
			defaultConfigurationIsVisible = 0;
			defaultConfigurationName = Release;
		};
		DAEB3EBB2410D8E90088C0C1 /* Build configuration list for PBXNativeTarget "Catch tvOS" */ = {
			isa = XCConfigurationList;
			buildConfigurations = (
				DAEB3EBC2410D8E90088C0C1 /* Debug */,
				DAEB3EBD2410D8E90088C0C1 /* Release */,
			);
			defaultConfigurationIsVisible = 0;
			defaultConfigurationName = Release;
		};
		DAEB3EBE2410D8E90088C0C1 /* Build configuration list for PBXNativeTarget "Catch macOS" */ = {
			isa = XCConfigurationList;
			buildConfigurations = (
				DAEB3EBF2410D8E90088C0C1 /* Debug */,
				DAEB3EC02410D8E90088C0C1 /* Release */,
			);
			defaultConfigurationIsVisible = 0;
			defaultConfigurationName = Release;
		};
/* End XCConfigurationList section */
	};
	rootObject = DAEB3E4C2410D8DD0088C0C1 /* Project object */;
}
